
Microsoft Visual Studio Solution File, Format Version 12.00
# Visual Studio 15
VisualStudioVersion = 15.0.27428.1
MinimumVisualStudioVersion = 10.0.40219.1
Project("{8BC9CEB8-8B4A-11D0-8D11-00A0C91BC942}") = "SmartHive.MqttGateway", "SmartHive.MqttGateway\SmartHive.MqttGateway.vcxproj", "{F65579C4-6EBE-47C3-B0B6-F7E279484400}"
EndProject
Project("{8BC9CEB8-8B4A-11D0-8D11-00A0C91BC942}") = "SmartHive.MqttModule", "SmartHive.MqttModule\SmartHive.MqttModule.vcxproj", "{D85AC2C5-2B0C-40AB-B614-8C9B1628FD77}"
EndProject
Global
	GlobalSection(SolutionConfigurationPlatforms) = preSolution
		Debug|ARM = Debug|ARM
		Debug|x64 = Debug|x64
		Debug|x86 = Debug|x86
		Release|ARM = Release|ARM
		Release|x64 = Release|x64
		Release|x86 = Release|x86
	EndGlobalSection
	GlobalSection(ProjectConfigurationPlatforms) = postSolution
		{F65579C4-6EBE-47C3-B0B6-F7E279484400}.Debug|ARM.ActiveCfg = Debug|ARM
		{F65579C4-6EBE-47C3-B0B6-F7E279484400}.Debug|ARM.Build.0 = Debug|ARM
		{F65579C4-6EBE-47C3-B0B6-F7E279484400}.Debug|x64.ActiveCfg = Debug|x64
		{F65579C4-6EBE-47C3-B0B6-F7E279484400}.Debug|x64.Build.0 = Debug|x64
		{F65579C4-6EBE-47C3-B0B6-F7E279484400}.Debug|x86.ActiveCfg = Debug|x86
		{F65579C4-6EBE-47C3-B0B6-F7E279484400}.Debug|x86.Build.0 = Debug|x86
		{F65579C4-6EBE-47C3-B0B6-F7E279484400}.Release|ARM.ActiveCfg = Release|ARM
		{F65579C4-6EBE-47C3-B0B6-F7E279484400}.Release|ARM.Build.0 = Release|ARM
		{F65579C4-6EBE-47C3-B0B6-F7E279484400}.Release|x64.ActiveCfg = Release|x64
		{F65579C4-6EBE-47C3-B0B6-F7E279484400}.Release|x64.Build.0 = Release|x64
		{F65579C4-6EBE-47C3-B0B6-F7E279484400}.Release|x86.ActiveCfg = Release|x86
		{F65579C4-6EBE-47C3-B0B6-F7E279484400}.Release|x86.Build.0 = Release|x86
		{D85AC2C5-2B0C-40AB-B614-8C9B1628FD77}.Debug|ARM.ActiveCfg = Debug|ARM
		{D85AC2C5-2B0C-40AB-B614-8C9B1628FD77}.Debug|ARM.Build.0 = Debug|ARM
		{D85AC2C5-2B0C-40AB-B614-8C9B1628FD77}.Debug|x64.ActiveCfg = Debug|x64
		{D85AC2C5-2B0C-40AB-B614-8C9B1628FD77}.Debug|x64.Build.0 = Debug|x64
		{D85AC2C5-2B0C-40AB-B614-8C9B1628FD77}.Debug|x86.ActiveCfg = Debug|x86
		{D85AC2C5-2B0C-40AB-B614-8C9B1628FD77}.Debug|x86.Build.0 = Debug|x86
		{D85AC2C5-2B0C-40AB-B614-8C9B1628FD77}.Release|ARM.ActiveCfg = Release|ARM
		{D85AC2C5-2B0C-40AB-B614-8C9B1628FD77}.Release|ARM.Build.0 = Release|ARM
		{D85AC2C5-2B0C-40AB-B614-8C9B1628FD77}.Release|x64.ActiveCfg = Release|x64
		{D85AC2C5-2B0C-40AB-B614-8C9B1628FD77}.Release|x64.Build.0 = Release|x64
		{D85AC2C5-2B0C-40AB-B614-8C9B1628FD77}.Release|x86.ActiveCfg = Release|x86
		{D85AC2C5-2B0C-40AB-B614-8C9B1628FD77}.Release|x86.Build.0 = Release|x86
	EndGlobalSection
	GlobalSection(SolutionProperties) = preSolution
		HideSolutionNode = FALSE
	EndGlobalSection
	GlobalSection(ExtensibilityGlobals) = postSolution
		SolutionGuid = {53E5DC9E-FAA9-452D-B59B-96A2D696BBC8}
	EndGlobalSection
EndGlobal
