
Microsoft Visual Studio Solution File, Format Version 12.00
# Visual Studio 15
VisualStudioVersion = 15.0.27004.2006
MinimumVisualStudioVersion = 10.0.40219.1
Project("{8BC9CEB8-8B4A-11D0-8D11-00A0C91BC942}") = "SmartHive.ZWaveModule", "SmartHive.ZWaveModule\SmartHive.ZWaveModule.vcxproj", "{9ACE489E-2E23-4897-AC5C-97AE9605A092}"
EndProject
Project("{8BC9CEB8-8B4A-11D0-8D11-00A0C91BC942}") = "SmartHive.ZWaveGateway", "SmartHive.ZWaveGateway\SmartHive.ZWaveGateway.vcxproj", "{8884DBF5-AED5-4910-B4DC-DC97DAFD29AC}"
	ProjectSection(ProjectDependencies) = postProject
		{DF1B3B6D-DC8F-4092-B16F-52453D4AC95E} = {DF1B3B6D-DC8F-4092-B16F-52453D4AC95E}
		{9ACE489E-2E23-4897-AC5C-97AE9605A092} = {9ACE489E-2E23-4897-AC5C-97AE9605A092}
	EndProjectSection
EndProject
Project("{8BC9CEB8-8B4A-11D0-8D11-00A0C91BC942}") = "SmartHive.ZWaveMappingModule", "SmartHive.ZWaveMappingModule\SmartHive.ZWaveMappingModule.vcxproj", "{DF1B3B6D-DC8F-4092-B16F-52453D4AC95E}"
EndProject
Project("{2150E333-8FDC-42A3-9474-1A3956D46DE8}") = "Solution Items", "Solution Items", "{696168F9-6F70-457C-8D73-38B0EE9897CD}"
	ProjectSection(SolutionItems) = preProject
		README.md = README.md
	EndProjectSection
EndProject
Project("{2150E333-8FDC-42A3-9474-1A3956D46DE8}") = "Docs", "Docs", "{ACC06779-C334-41F9-9D38-2C1D43E63145}"
EndProject
Project("{2150E333-8FDC-42A3-9474-1A3956D46DE8}") = "Images", "Images", "{854D2988-E341-4070-BE73-0FC3B17FE061}"
	ProjectSection(SolutionItems) = preProject
		..\..\..\Users\makhlu.EUROPE\Pictures\Architecture.PNG = ..\..\..\Users\makhlu.EUROPE\Pictures\Architecture.PNG
	EndProjectSection
EndProject
Global
	GlobalSection(SolutionConfigurationPlatforms) = preSolution
		Debug|ARM = Debug|ARM
		Debug|x64 = Debug|x64
		Debug|x86 = Debug|x86
		Release|ARM = Release|ARM
		Release|x64 = Release|x64
		Release|x86 = Release|x86
	EndGlobalSection
	GlobalSection(ProjectConfigurationPlatforms) = postSolution
		{9ACE489E-2E23-4897-AC5C-97AE9605A092}.Debug|ARM.ActiveCfg = Debug|ARM
		{9ACE489E-2E23-4897-AC5C-97AE9605A092}.Debug|ARM.Build.0 = Debug|ARM
		{9ACE489E-2E23-4897-AC5C-97AE9605A092}.Debug|x64.ActiveCfg = Debug|x64
		{9ACE489E-2E23-4897-AC5C-97AE9605A092}.Debug|x64.Build.0 = Debug|x64
		{9ACE489E-2E23-4897-AC5C-97AE9605A092}.Debug|x86.ActiveCfg = Debug|x86
		{9ACE489E-2E23-4897-AC5C-97AE9605A092}.Debug|x86.Build.0 = Debug|x86
		{9ACE489E-2E23-4897-AC5C-97AE9605A092}.Release|ARM.ActiveCfg = Release|ARM
		{9ACE489E-2E23-4897-AC5C-97AE9605A092}.Release|ARM.Build.0 = Release|ARM
		{9ACE489E-2E23-4897-AC5C-97AE9605A092}.Release|x64.ActiveCfg = Release|x64
		{9ACE489E-2E23-4897-AC5C-97AE9605A092}.Release|x64.Build.0 = Release|x64
		{9ACE489E-2E23-4897-AC5C-97AE9605A092}.Release|x86.ActiveCfg = Release|x86
		{9ACE489E-2E23-4897-AC5C-97AE9605A092}.Release|x86.Build.0 = Release|x86
		{8884DBF5-AED5-4910-B4DC-DC97DAFD29AC}.Debug|ARM.ActiveCfg = Debug|x64
		{8884DBF5-AED5-4910-B4DC-DC97DAFD29AC}.Debug|ARM.Build.0 = Debug|x64
		{8884DBF5-AED5-4910-B4DC-DC97DAFD29AC}.Debug|x64.ActiveCfg = Debug|x64
		{8884DBF5-AED5-4910-B4DC-DC97DAFD29AC}.Debug|x64.Build.0 = Debug|x64
		{8884DBF5-AED5-4910-B4DC-DC97DAFD29AC}.Debug|x64.Deploy.0 = Debug|x64
		{8884DBF5-AED5-4910-B4DC-DC97DAFD29AC}.Debug|x86.ActiveCfg = Debug|x86
		{8884DBF5-AED5-4910-B4DC-DC97DAFD29AC}.Debug|x86.Build.0 = Debug|x86
		{8884DBF5-AED5-4910-B4DC-DC97DAFD29AC}.Release|ARM.ActiveCfg = Release|ARM
		{8884DBF5-AED5-4910-B4DC-DC97DAFD29AC}.Release|ARM.Build.0 = Release|ARM
		{8884DBF5-AED5-4910-B4DC-DC97DAFD29AC}.Release|x64.ActiveCfg = Release|x64
		{8884DBF5-AED5-4910-B4DC-DC97DAFD29AC}.Release|x64.Build.0 = Release|x64
		{8884DBF5-AED5-4910-B4DC-DC97DAFD29AC}.Release|x86.ActiveCfg = Release|x86
		{8884DBF5-AED5-4910-B4DC-DC97DAFD29AC}.Release|x86.Build.0 = Release|x86
		{DF1B3B6D-DC8F-4092-B16F-52453D4AC95E}.Debug|ARM.ActiveCfg = Debug|ARM
		{DF1B3B6D-DC8F-4092-B16F-52453D4AC95E}.Debug|ARM.Build.0 = Debug|ARM
		{DF1B3B6D-DC8F-4092-B16F-52453D4AC95E}.Debug|x64.ActiveCfg = Debug|x64
		{DF1B3B6D-DC8F-4092-B16F-52453D4AC95E}.Debug|x64.Build.0 = Debug|x64
		{DF1B3B6D-DC8F-4092-B16F-52453D4AC95E}.Debug|x86.ActiveCfg = Debug|x86
		{DF1B3B6D-DC8F-4092-B16F-52453D4AC95E}.Debug|x86.Build.0 = Debug|x86
		{DF1B3B6D-DC8F-4092-B16F-52453D4AC95E}.Release|ARM.ActiveCfg = Release|ARM
		{DF1B3B6D-DC8F-4092-B16F-52453D4AC95E}.Release|ARM.Build.0 = Release|ARM
		{DF1B3B6D-DC8F-4092-B16F-52453D4AC95E}.Release|x64.ActiveCfg = Release|x64
		{DF1B3B6D-DC8F-4092-B16F-52453D4AC95E}.Release|x64.Build.0 = Release|x64
		{DF1B3B6D-DC8F-4092-B16F-52453D4AC95E}.Release|x86.ActiveCfg = Release|x86
		{DF1B3B6D-DC8F-4092-B16F-52453D4AC95E}.Release|x86.Build.0 = Release|x86
	EndGlobalSection
	GlobalSection(SolutionProperties) = preSolution
		HideSolutionNode = FALSE
	EndGlobalSection
	GlobalSection(NestedProjects) = preSolution
		{ACC06779-C334-41F9-9D38-2C1D43E63145} = {696168F9-6F70-457C-8D73-38B0EE9897CD}
		{854D2988-E341-4070-BE73-0FC3B17FE061} = {ACC06779-C334-41F9-9D38-2C1D43E63145}
	EndGlobalSection
	GlobalSection(ExtensibilityGlobals) = postSolution
		SolutionGuid = {9E0B7515-4316-4847-A94A-4CA568D0F8DC}
	EndGlobalSection
EndGlobal
